<Solution>
  <Folder Name="/database/" />
  <Folder Name="/nginx/" />
  <Folder Name="/Solution Items/">
    <File Path="docker-compose.yml" />
  </Folder>
  <Folder Name="/src/">
    <Project Path="src/MarketPulse.Api/MarketPulse.Api.csproj" />
  </Folder>
  <Folder Name="/src/MarketPulse.Frontend/" />
  <Folder Name="/tests/" />
</Solution>

